// !$*UTF8*$!
{
	archiveVersion = 1;
	classes = {
	};
	objectVersion = 46;
	objects = {

/* Begin PBXBuildFile section */
		D59282971AB70919008577DF /* main.m in Sources */ = {isa = PBXBuildFile; fileRef = D59282961AB70919008577DF /* main.m */; };
		D592829A1AB70919008577DF /* AppDelegate.m in Sources */ = {isa = PBXBuildFile; fileRef = D59282991AB70919008577DF /* AppDelegate.m */; };
		D592829D1AB70919008577DF /* ViewController.m in Sources */ = {isa = PBXBuildFile; fileRef = D592829C1AB70919008577DF /* ViewController.m */; };
		D59282A01AB70919008577DF /* Main.storyboard in Resources */ = {isa = PBXBuildFile; fileRef = D592829E1AB70919008577DF /* Main.storyboard */; };
		D59282A21AB70919008577DF /* Images.xcassets in Resources */ = {isa = PBXBuildFile; fileRef = D59282A11AB70919008577DF /* Images.xcassets */; };
		D59282A51AB70919008577DF /* LaunchScreen.xib in Resources */ = {isa = PBXBuildFile; fileRef = D59282A31AB70919008577DF /* LaunchScreen.xib */; };
		D59282B11AB70919008577DF /* MBProgressHUD_LJTests.m in Sources */ = {isa = PBXBuildFile; fileRef = D59282B01AB70919008577DF /* MBProgressHUD_LJTests.m */; };
/* End PBXBuildFile section */

/* Begin PBXContainerItemProxy section */
		D59282AB1AB70919008577DF /* PBXContainerItemProxy */ = {
			isa = PBXContainerItemProxy;
			containerPortal = D59282891AB70919008577DF /* Project object */;
			proxyType = 1;
			remoteGlobalIDString = D59282901AB70919008577DF;
			remoteInfo = "MBProgressHUD+LJ";
		};
/* End PBXContainerItemProxy section */

/* Begin PBXFileReference section */
		D59282911AB70919008577DF /* MBProgressHUD+LJ.app */ = {isa = PBXFileReference; explicitFileType = wrapper.application; includeInIndex = 0; path = "MBProgressHUD+LJ.app"; sourceTree = BUILT_PRODUCTS_DIR; };
		D59282951AB70919008577DF /* Info.plist */ = {isa = PBXFileReference; lastKnownFileType = text.plist.xml; path = Info.plist; sourceTree = "<group>"; };
		D59282961AB70919008577DF /* main.m */ = {isa = PBXFileReference; lastKnownFileType = sourcecode.c.objc; path = main.m; sourceTree = "<group>"; };
		D59282981AB70919008577DF /* AppDelegate.h */ = {isa = PBXFileReference; lastKnownFileType = sourcecode.c.h; path = AppDelegate.h; sourceTree = "<group>"; };
		D59282991AB70919008577DF /* AppDelegate.m */ = {isa = PBXFileReference; lastKnownFileType = sourcecode.c.objc; path = AppDelegate.m; sourceTree = "<group>"; };
		D592829B1AB70919008577DF /* ViewController.h */ = {isa = PBXFileReference; lastKnownFileType = sourcecode.c.h; path = ViewController.h; sourceTree = "<group>"; };
		D592829C1AB70919008577DF /* ViewController.m */ = {isa = PBXFileReference; lastKnownFileType = sourcecode.c.objc; path = ViewController.m; sourceTree = "<group>"; };
		D592829F1AB70919008577DF /* Base */ = {isa = PBXFileReference; lastKnownFileType = file.storyboard; name = Base; path = Base.lproj/Main.storyboard; sourceTree = "<group>"; };
		D59282A11AB70919008577DF /* Images.xcassets */ = {isa = PBXFileReference; lastKnownFileType = folder.assetcatalog; path = Images.xcassets; sourceTree = "<group>"; };
		D59282A41AB70919008577DF /* Base */ = {isa = PBXFileReference; lastKnownFileType = file.xib; name = Base; path = Base.lproj/LaunchScreen.xib; sourceTree = "<group>"; };
		D59282AA1AB70919008577DF /* MBProgressHUD+LJTests.xctest */ = {isa = PBXFileReference; explicitFileType = wrapper.cfbundle; includeInIndex = 0; path = "MBProgressHUD+LJTests.xctest"; sourceTree = BUILT_PRODUCTS_DIR; };
		D59282AF1AB70919008577DF /* Info.plist */ = {isa = PBXFileReference; lastKnownFileType = text.plist.xml; path = Info.plist; sourceTree = "<group>"; };
		D59282B01AB70919008577DF /* MBProgressHUD_LJTests.m */ = {isa = PBXFileReference; lastKnownFileType = sourcecode.c.objc; path = MBProgressHUD_LJTests.m; sourceTree = "<group>"; };
/* End PBXFileReference section */

/* Begin PBXFrameworksBuildPhase section */
		D592828E1AB70919008577DF /* Frameworks */ = {
			isa = PBXFrameworksBuildPhase;
			buildActionMask = 2147483647;
			files = (
			);
			runOnlyForDeploymentPostprocessing = 0;
		};
		D59282A71AB70919008577DF /* Frameworks */ = {
			isa = PBXFrameworksBuildPhase;
			buildActionMask = 2147483647;
			files = (
			);
			runOnlyForDeploymentPostprocessing = 0;
		};
/* End PBXFrameworksBuildPhase section */

/* Begin PBXGroup section */
		D59282881AB70919008577DF = {
			isa = PBXGroup;
			children = (
				D59282931AB70919008577DF /* MBProgressHUD+LJ */,
				D59282AD1AB70919008577DF /* MBProgressHUD+LJTests */,
				D59282921AB70919008577DF /* Products */,
			);
			sourceTree = "<group>";
		};
		D59282921AB70919008577DF /* Products */ = {
			isa = PBXGroup;
			children = (
				D59282911AB70919008577DF /* MBProgressHUD+LJ.app */,
				D59282AA1AB70919008577DF /* MBProgressHUD+LJTests.xctest */,
			);
			name = Products;
			sourceTree = "<group>";
		};
		D59282931AB70919008577DF /* MBProgressHUD+LJ */ = {
			isa = PBXGroup;
			children = (
				D592829E1AB70919008577DF /* Main.storyboard */,
				D592829B1AB70919008577DF /* ViewController.h */,
				D592829C1AB70919008577DF /* ViewController.m */,
				D59282941AB70919008577DF /* Supporting Files */,
			);
			path = "MBProgressHUD+LJ";
			sourceTree = "<group>";
		};
		D59282941AB70919008577DF /* Supporting Files */ = {
			isa = PBXGroup;
			children = (
				D59282981AB70919008577DF /* AppDelegate.h */,
				D59282991AB70919008577DF /* AppDelegate.m */,
				D59282A11AB70919008577DF /* Images.xcassets */,
				D59282A31AB70919008577DF /* LaunchScreen.xib */,
				D59282951AB70919008577DF /* Info.plist */,
				D59282961AB70919008577DF /* main.m */,
			);
			name = "Supporting Files";
			sourceTree = "<group>";
		};
		D59282AD1AB70919008577DF /* MBProgressHUD+LJTests */ = {
			isa = PBXGroup;
			children = (
				D59282B01AB70919008577DF /* MBProgressHUD_LJTests.m */,
				D59282AE1AB70919008577DF /* Supporting Files */,
			);
			path = "MBProgressHUD+LJTests";
			sourceTree = "<group>";
		};
		D59282AE1AB70919008577DF /* Supporting Files */ = {
			isa = PBXGroup;
			children = (
				D59282AF1AB70919008577DF /* Info.plist */,
			);
			name = "Supporting Files";
			sourceTree = "<group>";
		};
/* End PBXGroup section */

/* Begin PBXNativeTarget section */
		D59282901AB70919008577DF /* MBProgressHUD+LJ */ = {
			isa = PBXNativeTarget;
			buildConfigurationList = D59282B41AB70919008577DF /* Build configuration list for PBXNativeTarget "MBProgressHUD+LJ" */;
			buildPhases = (
				D592828D1AB70919008577DF /* Sources */,
				D592828E1AB70919008577DF /* Frameworks */,
				D592828F1AB70919008577DF /* Resources */,
			);
			buildRules = (
			);
			dependencies = (
			);
			name = "MBProgressHUD+LJ";
			productName = "MBProgressHUD+LJ";
			productReference = D59282911AB70919008577DF /* MBProgressHUD+LJ.app */;
			productType = "com.apple.product-type.application";
		};
		D59282A91AB70919008577DF /* MBProgressHUD+LJTests */ = {
			isa = PBXNativeTarget;
			buildConfigurationList = D59282B71AB70919008577DF /* Build configuration list for PBXNativeTarget "MBProgressHUD+LJTests" */;
			buildPhases = (
				D59282A61AB70919008577DF /* Sources */,
				D59282A71AB70919008577DF /* Frameworks */,
				D59282A81AB70919008577DF /* Resources */,
			);
			buildRules = (
			);
			dependencies = (
				D59282AC1AB70919008577DF /* PBXTargetDependency */,
			);
			name = "MBProgressHUD+LJTests";
			productName = "MBProgressHUD+LJTests";
			productReference = D59282AA1AB70919008577DF /* MBProgressHUD+LJTests.xctest */;
			productType = "com.apple.product-type.bundle.unit-test";
		};
/* End PBXNativeTarget section */

/* Begin PBXProject section */
		D59282891AB70919008577DF /* Project object */ = {
			isa = PBXProject;
			attributes = {
				LastUpgradeCheck = 0620;
				ORGANIZATIONNAME = PUPBOSS;
				TargetAttributes = {
					D59282901AB70919008577DF = {
						CreatedOnToolsVersion = 6.2;
					};
					D59282A91AB70919008577DF = {
						CreatedOnToolsVersion = 6.2;
						TestTargetID = D59282901AB70919008577DF;
					};
				};
			};
			buildConfigurationList = D592828C1AB70919008577DF /* Build configuration list for PBXProject "MBProgressHUD+LJ" */;
			compatibilityVersion = "Xcode 3.2";
			developmentRegion = English;
			hasScannedForEncodings = 0;
			knownRegions = (
				en,
				Base,
			);
			mainGroup = D59282881AB70919008577DF;
			productRefGroup = D59282921AB70919008577DF /* Products */;
			projectDirPath = "";
			projectRoot = "";
			targets = (
				D59282901AB70919008577DF /* MBProgressHUD+LJ */,
				D59282A91AB70919008577DF /* MBProgressHUD+LJTests */,
			);
		};
/* End PBXProject section */

/* Begin PBXResourcesBuildPhase section */
		D592828F1AB70919008577DF /* Resources */ = {
			isa = PBXResourcesBuildPhase;
			buildActionMask = 2147483647;
			files = (
				D59282A01AB70919008577DF /* Main.storyboard in Resources */,
				D59282A51AB70919008577DF /* LaunchScreen.xib in Resources */,
				D59282A21AB70919008577DF /* Images.xcassets in Resources */,
			);
			runOnlyForDeploymentPostprocessing = 0;
		};
		D59282A81AB70919008577DF /* Resources */ = {
			isa = PBXResourcesBuildPhase;
			buildActionMask = 2147483647;
			files = (
			);
			runOnlyForDeploymentPostprocessing = 0;
		};
/* End PBXResourcesBuildPhase section */

/* Begin PBXSourcesBuildPhase section */
		D592828D1AB70919008577DF /* Sources */ = {
			isa = PBXSourcesBuildPhase;
			buildActionMask = 2147483647;
			files = (
				D592829D1AB70919008577DF /* ViewController.m in Sources */,
				D592829A1AB70919008577DF /* AppDelegate.m in Sources */,
				D59282971AB70919008577DF /* main.m in Sources */,
			);
			runOnlyForDeploymentPostprocessing = 0;
		};
		D59282A61AB70919008577DF /* Sources */ = {
			isa = PBXSourcesBuildPhase;
			buildActionMask = 2147483647;
			files = (
				D59282B11AB70919008577DF /* MBProgressHUD_LJTests.m in Sources */,
			);
			runOnlyForDeploymentPostprocessing = 0;
		};
/* End PBXSourcesBuildPhase section */

/* Begin PBXTargetDependency section */
		D59282AC1AB70919008577DF /* PBXTargetDependency */ = {
			isa = PBXTargetDependency;
			target = D59282901AB70919008577DF /* MBProgressHUD+LJ */;
			targetProxy = D59282AB1AB70919008577DF /* PBXContainerItemProxy */;
		};
/* End PBXTargetDependency section */

/* Begin PBXVariantGroup section */
		D592829E1AB70919008577DF /* Main.storyboard */ = {
			isa = PBXVariantGroup;
			children = (
				D592829F1AB70919008577DF /* Base */,
			);
			name = Main.storyboard;
			sourceTree = "<group>";
		};
		D59282A31AB70919008577DF /* LaunchScreen.xib */ = {
			isa = PBXVariantGroup;
			children = (
				D59282A41AB70919008577DF /* Base */,
			);
			name = LaunchScreen.xib;
			sourceTree = "<group>";
		};
/* End PBXVariantGroup section */

/* Begin XCBuildConfiguration section */
		D59282B21AB70919008577DF /* Debug */ = {
			isa = XCBuildConfiguration;
			buildSettings = {
				ALWAYS_SEARCH_USER_PATHS = NO;
				CLANG_CXX_LANGUAGE_STANDARD = "gnu++0x";
				CLANG_CXX_LIBRARY = "libc++";
				CLANG_ENABLE_MODULES = YES;
				CLANG_ENABLE_OBJC_ARC = YES;
				CLANG_WARN_BOOL_CONVERSION = YES;
				CLANG_WARN_CONSTANT_CONVERSION = YES;
				CLANG_WARN_DIRECT_OBJC_ISA_USAGE = YES_ERROR;
				CLANG_WARN_EMPTY_BODY = YES;
				CLANG_WARN_ENUM_CONVERSION = YES;
				CLANG_WARN_INT_CONVERSION = YES;
				CLANG_WARN_OBJC_ROOT_CLASS = YES_ERROR;
				CLANG_WARN_UNREACHABLE_CODE = YES;
				CLANG_WARN__DUPLICATE_METHOD_MATCH = YES;
				"CODE_SIGN_IDENTITY[sdk=iphoneos*]" = "iPhone Developer";
				COPY_PHASE_STRIP = NO;
				ENABLE_STRICT_OBJC_MSGSEND = YES;
				GCC_C_LANGUAGE_STANDARD = gnu99;
				GCC_DYNAMIC_NO_PIC = NO;
				GCC_OPTIMIZATION_LEVEL = 0;
				GCC_PREPROCESSOR_DEFINITIONS = (
					"DEBUG=1",
					"$(inherited)",
				);
				GCC_SYMBOLS_PRIVATE_EXTERN = NO;
				GCC_WARN_64_TO_32_BIT_CONVERSION = YES;
				GCC_WARN_ABOUT_RETURN_TYPE = YES_ERROR;
				GCC_WARN_UNDECLARED_SELECTOR = YES;
				GCC_WARN_UNINITIALIZED_AUTOS = YES_AGGRESSIVE;
				GCC_WARN_UNUSED_FUNCTION = YES;
				GCC_WARN_UNUSED_VARIABLE = YES;
				IPHONEOS_DEPLOYMENT_TARGET = 8.2;
				MTL_ENABLE_DEBUG_INFO = YES;
				ONLY_ACTIVE_ARCH = YES;
				SDKROOT = iphoneos;
				TARGETED_DEVICE_FAMILY = "1,2";
			};
			name = Debug;
		};
		D59282B31AB70919008577DF /* Release */ = {
			isa = XCBuildConfiguration;
			buildSettings = {
				ALWAYS_SEARCH_USER_PATHS = NO;
				CLANG_CXX_LANGUAGE_STANDARD = "gnu++0x";
				CLANG_CXX_LIBRARY = "libc++";
				CLANG_ENABLE_MODULES = YES;
				CLANG_ENABLE_OBJC_ARC = YES;
				CLANG_WARN_BOOL_CONVERSION = YES;
				CLANG_WARN_CONSTANT_CONVERSION = YES;
				CLANG_WARN_DIRECT_OBJC_ISA_USAGE = YES_ERROR;
				CLANG_WARN_EMPTY_BODY = YES;
				CLANG_WARN_ENUM_CONVERSION = YES;
				CLANG_WARN_INT_CONVERSION = YES;
				CLANG_WARN_OBJC_ROOT_CLASS = YES_ERROR;
				CLANG_WARN_UNREACHABLE_CODE = YES;
				CLANG_WARN__DUPLICATE_METHOD_MATCH = YES;
				"CODE_SIGN_IDENTITY[sdk=iphoneos*]" = "iPhone Developer";
				COPY_PHASE_STRIP = NO;
				ENABLE_NS_ASSERTIONS = NO;
				ENABLE_STRICT_OBJC_MSGSEND = YES;
				GCC_C_LANGUAGE_STANDARD = gnu99;
				GCC_WARN_64_TO_32_BIT_CONVERSION = YES;
				GCC_WARN_ABOUT_RETURN_TYPE = YES_ERROR;
				GCC_WARN_UNDECLARED_SELECTOR = YES;
				GCC_WARN_UNINITIALIZED_AUTOS = YES_AGGRESSIVE;
				GCC_WARN_UNUSED_FUNCTION = YES;
				GCC_WARN_UNUSED_VARIABLE = YES;
				IPHONEOS_DEPLOYMENT_TARGET = 8.2;
				MTL_ENABLE_DEBUG_INFO = NO;
				SDKROOT = iphoneos;
				TARGETED_DEVICE_FAMILY = "1,2";
				VALIDATE_PRODUCT = YES;
			};
			name = Release;
		};
		D59282B51AB70919008577DF /* Debug */ = {
			isa = XCBuildConfiguration;
			buildSettings = {
				ASSETCATALOG_COMPILER_APPICON_NAME = AppIcon;
				INFOPLIST_FILE = "MBProgressHUD+LJ/Info.plist";
				LD_RUNPATH_SEARCH_PATHS = "$(inherited) @executable_path/Frameworks";
				PRODUCT_NAME = "$(TARGET_NAME)";
			};
			name = Debug;
		};
		D59282B61AB70919008577DF /* Release */ = {
			isa = XCBuildConfiguration;
			buildSettings = {
				ASSETCATALOG_COMPILER_APPICON_NAME = AppIcon;
				INFOPLIST_FILE = "MBProgressHUD+LJ/Info.plist";
				LD_RUNPATH_SEARCH_PATHS = "$(inherited) @executable_path/Frameworks";
				PRODUCT_NAME = "$(TARGET_NAME)";
			};
			name = Release;
		};
		D59282B81AB70919008577DF /* Debug */ = {
			isa = XCBuildConfiguration;
			buildSettings = {
				BUNDLE_LOADER = "$(TEST_HOST)";
				FRAMEWORK_SEARCH_PATHS = (
					"$(SDKROOT)/Developer/Library/Frameworks",
					"$(inherited)",
				);
				GCC_PREPROCESSOR_DEFINITIONS = (
					"DEBUG=1",
					"$(inherited)",
				);
				INFOPLIST_FILE = "MBProgressHUD+LJTests/Info.plist";
				LD_RUNPATH_SEARCH_PATHS = "$(inherited) @executable_path/Frameworks @loader_path/Frameworks";
				PRODUCT_NAME = "$(TARGET_NAME)";
				TEST_HOST = "$(BUILT_PRODUCTS_DIR)/MBProgressHUD+LJ.app/MBProgressHUD+LJ";
			};
			name = Debug;
		};
		D59282B91AB70919008577DF /* Release */ = {
			isa = XCBuildConfiguration;
			buildSettings = {
				BUNDLE_LOADER = "$(TEST_HOST)";
				FRAMEWORK_SEARCH_PATHS = (
					"$(SDKROOT)/Developer/Library/Frameworks",
					"$(inherited)",
				);
				INFOPLIST_FILE = "MBProgressHUD+LJTests/Info.plist";
				LD_RUNPATH_SEARCH_PATHS = "$(inherited) @executable_path/Frameworks @loader_path/Frameworks";
				PRODUCT_NAME = "$(TARGET_NAME)";
				TEST_HOST = "$(BUILT_PRODUCTS_DIR)/MBProgressHUD+LJ.app/MBProgressHUD+LJ";
			};
			name = Release;
		};
/* End XCBuildConfiguration section */

/* Begin XCConfigurationList section */
		D592828C1AB70919008577DF /* Build configuration list for PBXProject "MBProgressHUD+LJ" */ = {
			isa = XCConfigurationList;
			buildConfigurations = (
				D59282B21AB70919008577DF /* Debug */,
				D59282B31AB70919008577DF /* Release */,
			);
			defaultConfigurationIsVisible = 0;
			defaultConfigurationName = Release;
		};
		D59282B41AB70919008577DF /* Build configuration list for PBXNativeTarget "MBProgressHUD+LJ" */ = {
			isa = XCConfigurationList;
			buildConfigurations = (
				D59282B51AB70919008577DF /* Debug */,
				D59282B61AB70919008577DF /* Release */,
			);
			defaultConfigurationIsVisible = 0;
		};
		D59282B71AB70919008577DF /* Build configuration list for PBXNativeTarget "MBProgressHUD+LJTests" */ = {
			isa = XCConfigurationList;
			buildConfigurations = (
				D59282B81AB70919008577DF /* Debug */,
				D59282B91AB70919008577DF /* Release */,
			);
			defaultConfigurationIsVisible = 0;
		};
/* End XCConfigurationList section */
	};
	rootObject = D59282891AB70919008577DF /* Project object */;
}
